// !$*UTF8*$!
{
	archiveVersion = 1;
	classes = {
	};
	objectVersion = 50;
	objects = {

/* Begin PBXBuildFile section */
		1E3B9A902296B7420036491E /* AppDelegate.swift in Sources */ = {isa = PBXBuildFile; fileRef = 1E3B9A8F2296B7420036491E /* AppDelegate.swift */; };
		1E3B9A952296B7420036491E /* Main.storyboard in Resources */ = {isa = PBXBuildFile; fileRef = 1E3B9A932296B7420036491E /* Main.storyboard */; };
		1E3B9A972296B7430036491E /* Assets.xcassets in Resources */ = {isa = PBXBuildFile; fileRef = 1E3B9A962296B7430036491E /* Assets.xcassets */; };
		1E3B9A9A2296B7430036491E /* LaunchScreen.storyboard in Resources */ = {isa = PBXBuildFile; fileRef = 1E3B9A982296B7430036491E /* LaunchScreen.storyboard */; };
		1E3B9AA52296B7430036491E /* SearchableMoviesTaskTests.swift in Sources */ = {isa = PBXBuildFile; fileRef = 1E3B9AA42296B7430036491E /* SearchableMoviesTaskTests.swift */; };
		1E3B9AB02296B7430036491E /* SearchableMoviesTaskUITests.swift in Sources */ = {isa = PBXBuildFile; fileRef = 1E3B9AAF2296B7430036491E /* SearchableMoviesTaskUITests.swift */; };
		1E3B9AC42296B8930036491E /* Movie.swift in Sources */ = {isa = PBXBuildFile; fileRef = 1E3B9AC32296B8930036491E /* Movie.swift */; };
		1E3B9AC62296B8B50036491E /* Genre.swift in Sources */ = {isa = PBXBuildFile; fileRef = 1E3B9AC52296B8B50036491E /* Genre.swift */; };
		1E3B9AD02296BC6C0036491E /* MoviesViewController.swift in Sources */ = {isa = PBXBuildFile; fileRef = 1E3B9ACF2296BC6C0036491E /* MoviesViewController.swift */; };
		1E3B9AD22296BE5D0036491E /* MovieTableViewCell.swift in Sources */ = {isa = PBXBuildFile; fileRef = 1E3B9AD12296BE5D0036491E /* MovieTableViewCell.swift */; };
		1E3B9AD42296C1730036491E /* MoviesPresenter.swift in Sources */ = {isa = PBXBuildFile; fileRef = 1E3B9AD32296C1730036491E /* MoviesPresenter.swift */; };
		1E3B9AD62296C23F0036491E /* MoviesViewProtocol.swift in Sources */ = {isa = PBXBuildFile; fileRef = 1E3B9AD52296C23F0036491E /* MoviesViewProtocol.swift */; };
		1E3B9AD82296C2700036491E /* MoviesPresenterProtocol.swift in Sources */ = {isa = PBXBuildFile; fileRef = 1E3B9AD72296C2700036491E /* MoviesPresenterProtocol.swift */; };
		1E3B9ADA2296C2A40036491E /* MoviesRouterProtocol.swift in Sources */ = {isa = PBXBuildFile; fileRef = 1E3B9AD92296C2A40036491E /* MoviesRouterProtocol.swift */; };
		1E3B9ADC2296C3300036491E /* MoviesInteractorInputProtocol.swift in Sources */ = {isa = PBXBuildFile; fileRef = 1E3B9ADB2296C3300036491E /* MoviesInteractorInputProtocol.swift */; };
		1E3B9ADE2296C35B0036491E /* MoviesInteractorOutputProtocol.swift in Sources */ = {isa = PBXBuildFile; fileRef = 1E3B9ADD2296C35B0036491E /* MoviesInteractorOutputProtocol.swift */; };
		1E3B9AE02296C76E0036491E /* MoviesInteractor.swift in Sources */ = {isa = PBXBuildFile; fileRef = 1E3B9ADF2296C76E0036491E /* MoviesInteractor.swift */; };
		1E3B9AE22296C7DD0036491E /* MoviesRouter.swift in Sources */ = {isa = PBXBuildFile; fileRef = 1E3B9AE12296C7DD0036491E /* MoviesRouter.swift */; };
		1E3B9AE62296D4900036491E /* MoviesService.swift in Sources */ = {isa = PBXBuildFile; fileRef = 1E3B9AE52296D4900036491E /* MoviesService.swift */; };
		1E3B9AE82296D4ED0036491E /* movies.json in Resources */ = {isa = PBXBuildFile; fileRef = 1E3B9AE72296D4ED0036491E /* movies.json */; };
		1E3B9AEB2296D5C10036491E /* MoviesDTO.swift in Sources */ = {isa = PBXBuildFile; fileRef = 1E3B9AEA2296D5C10036491E /* MoviesDTO.swift */; };
		1E3B9AF02296D9D80036491E /* MoviesWorker.swift in Sources */ = {isa = PBXBuildFile; fileRef = 1E3B9AEF2296D9D80036491E /* MoviesWorker.swift */; };
		1E3B9AF22296E0A00036491E /* MoviesCellViewProtocol.swift in Sources */ = {isa = PBXBuildFile; fileRef = 1E3B9AF12296E0A00036491E /* MoviesCellViewProtocol.swift */; };
		1E3B9AF52296E0F10036491E /* MoviesViewModel.swift in Sources */ = {isa = PBXBuildFile; fileRef = 1E3B9AF42296E0F10036491E /* MoviesViewModel.swift */; };
		1E3B9AF72296EC830036491E /* MoviesFilterService.swift in Sources */ = {isa = PBXBuildFile; fileRef = 1E3B9AF62296EC830036491E /* MoviesFilterService.swift */; };
		1E5C442622981B6F00FCCD4F /* MovieDetailViewProtocol.swift in Sources */ = {isa = PBXBuildFile; fileRef = 1E5C442522981B6F00FCCD4F /* MovieDetailViewProtocol.swift */; };
		1E5C442822981B9000FCCD4F /* MovieDetailPresenterProtocol.swift in Sources */ = {isa = PBXBuildFile; fileRef = 1E5C442722981B9000FCCD4F /* MovieDetailPresenterProtocol.swift */; };
		1E5C442A22981BAD00FCCD4F /* MovieDetailRouterProtocol.swift in Sources */ = {isa = PBXBuildFile; fileRef = 1E5C442922981BAD00FCCD4F /* MovieDetailRouterProtocol.swift */; };
		1E5C442E22981C0900FCCD4F /* MovieDetailInteractorOutputProtocol.swift in Sources */ = {isa = PBXBuildFile; fileRef = 1E5C442D22981C0900FCCD4F /* MovieDetailInteractorOutputProtocol.swift */; };
		1E5C443022981C8600FCCD4F /* MovieDetailRouter.swift in Sources */ = {isa = PBXBuildFile; fileRef = 1E5C442F22981C8600FCCD4F /* MovieDetailRouter.swift */; };
		1E5C443222981CB900FCCD4F /* MovieDetailInteractor.swift in Sources */ = {isa = PBXBuildFile; fileRef = 1E5C443122981CB900FCCD4F /* MovieDetailInteractor.swift */; };
		1E5C443422981CE500FCCD4F /* MovieDetailPresenter.swift in Sources */ = {isa = PBXBuildFile; fileRef = 1E5C443322981CE500FCCD4F /* MovieDetailPresenter.swift */; };
		1E5C443A22982CF100FCCD4F /* NavigationService.swift in Sources */ = {isa = PBXBuildFile; fileRef = 1E5C443922982CF100FCCD4F /* NavigationService.swift */; };
		1E5C443C22982F2100FCCD4F /* MovieDetailViewController.swift in Sources */ = {isa = PBXBuildFile; fileRef = 1E5C443B22982F2100FCCD4F /* MovieDetailViewController.swift */; };
		1E5C4440229840C400FCCD4F /* MovieDetailInteractorInputProtocol.swift in Sources */ = {isa = PBXBuildFile; fileRef = 1E5C443F229840C400FCCD4F /* MovieDetailInteractorInputProtocol.swift */; };
/* End PBXBuildFile section */

/* Begin PBXContainerItemProxy section */
		1E3B9AA12296B7430036491E /* PBXContainerItemProxy */ = {
			isa = PBXContainerItemProxy;
			containerPortal = 1E3B9A842296B7420036491E /* Project object */;
			proxyType = 1;
			remoteGlobalIDString = 1E3B9A8B2296B7420036491E;
			remoteInfo = SearchableMoviesTask;
		};
		1E3B9AAC2296B7430036491E /* PBXContainerItemProxy */ = {
			isa = PBXContainerItemProxy;
			containerPortal = 1E3B9A842296B7420036491E /* Project object */;
			proxyType = 1;
			remoteGlobalIDString = 1E3B9A8B2296B7420036491E;
			remoteInfo = SearchableMoviesTask;
		};
/* End PBXContainerItemProxy section */

/* Begin PBXFileReference section */
		1E3B9A8C2296B7420036491E /* SearchableMoviesTask.app */ = {isa = PBXFileReference; explicitFileType = wrapper.application; includeInIndex = 0; path = SearchableMoviesTask.app; sourceTree = BUILT_PRODUCTS_DIR; };
		1E3B9A8F2296B7420036491E /* AppDelegate.swift */ = {isa = PBXFileReference; lastKnownFileType = sourcecode.swift; path = AppDelegate.swift; sourceTree = "<group>"; };
		1E3B9A942296B7420036491E /* Base */ = {isa = PBXFileReference; lastKnownFileType = file.storyboard; name = Base; path = Base.lproj/Main.storyboard; sourceTree = "<group>"; };
		1E3B9A962296B7430036491E /* Assets.xcassets */ = {isa = PBXFileReference; lastKnownFileType = folder.assetcatalog; path = Assets.xcassets; sourceTree = "<group>"; };
		1E3B9A992296B7430036491E /* Base */ = {isa = PBXFileReference; lastKnownFileType = file.storyboard; name = Base; path = Base.lproj/LaunchScreen.storyboard; sourceTree = "<group>"; };
		1E3B9A9B2296B7430036491E /* Info.plist */ = {isa = PBXFileReference; lastKnownFileType = text.plist.xml; path = Info.plist; sourceTree = "<group>"; };
		1E3B9AA02296B7430036491E /* SearchableMoviesTaskTests.xctest */ = {isa = PBXFileReference; explicitFileType = wrapper.cfbundle; includeInIndex = 0; path = SearchableMoviesTaskTests.xctest; sourceTree = BUILT_PRODUCTS_DIR; };
		1E3B9AA42296B7430036491E /* SearchableMoviesTaskTests.swift */ = {isa = PBXFileReference; lastKnownFileType = sourcecode.swift; path = SearchableMoviesTaskTests.swift; sourceTree = "<group>"; };
		1E3B9AA62296B7430036491E /* Info.plist */ = {isa = PBXFileReference; lastKnownFileType = text.plist.xml; path = Info.plist; sourceTree = "<group>"; };
		1E3B9AAB2296B7430036491E /* SearchableMoviesTaskUITests.xctest */ = {isa = PBXFileReference; explicitFileType = wrapper.cfbundle; includeInIndex = 0; path = SearchableMoviesTaskUITests.xctest; sourceTree = BUILT_PRODUCTS_DIR; };
		1E3B9AAF2296B7430036491E /* SearchableMoviesTaskUITests.swift */ = {isa = PBXFileReference; lastKnownFileType = sourcecode.swift; path = SearchableMoviesTaskUITests.swift; sourceTree = "<group>"; };
		1E3B9AB12296B7430036491E /* Info.plist */ = {isa = PBXFileReference; lastKnownFileType = text.plist.xml; path = Info.plist; sourceTree = "<group>"; };
		1E3B9AC32296B8930036491E /* Movie.swift */ = {isa = PBXFileReference; lastKnownFileType = sourcecode.swift; path = Movie.swift; sourceTree = "<group>"; };
		1E3B9AC52296B8B50036491E /* Genre.swift */ = {isa = PBXFileReference; lastKnownFileType = sourcecode.swift; path = Genre.swift; sourceTree = "<group>"; };
		1E3B9ACF2296BC6C0036491E /* MoviesViewController.swift */ = {isa = PBXFileReference; lastKnownFileType = sourcecode.swift; path = MoviesViewController.swift; sourceTree = "<group>"; };
		1E3B9AD12296BE5D0036491E /* MovieTableViewCell.swift */ = {isa = PBXFileReference; lastKnownFileType = sourcecode.swift; path = MovieTableViewCell.swift; sourceTree = "<group>"; };
		1E3B9AD32296C1730036491E /* MoviesPresenter.swift */ = {isa = PBXFileReference; lastKnownFileType = sourcecode.swift; path = MoviesPresenter.swift; sourceTree = "<group>"; };
		1E3B9AD52296C23F0036491E /* MoviesViewProtocol.swift */ = {isa = PBXFileReference; lastKnownFileType = sourcecode.swift; path = MoviesViewProtocol.swift; sourceTree = "<group>"; };
		1E3B9AD72296C2700036491E /* MoviesPresenterProtocol.swift */ = {isa = PBXFileReference; lastKnownFileType = sourcecode.swift; path = MoviesPresenterProtocol.swift; sourceTree = "<group>"; };
		1E3B9AD92296C2A40036491E /* MoviesRouterProtocol.swift */ = {isa = PBXFileReference; lastKnownFileType = sourcecode.swift; path = MoviesRouterProtocol.swift; sourceTree = "<group>"; };
		1E3B9ADB2296C3300036491E /* MoviesInteractorInputProtocol.swift */ = {isa = PBXFileReference; lastKnownFileType = sourcecode.swift; path = MoviesInteractorInputProtocol.swift; sourceTree = "<group>"; };
		1E3B9ADD2296C35B0036491E /* MoviesInteractorOutputProtocol.swift */ = {isa = PBXFileReference; lastKnownFileType = sourcecode.swift; path = MoviesInteractorOutputProtocol.swift; sourceTree = "<group>"; };
		1E3B9ADF2296C76E0036491E /* MoviesInteractor.swift */ = {isa = PBXFileReference; lastKnownFileType = sourcecode.swift; path = MoviesInteractor.swift; sourceTree = "<group>"; };
		1E3B9AE12296C7DD0036491E /* MoviesRouter.swift */ = {isa = PBXFileReference; lastKnownFileType = sourcecode.swift; path = MoviesRouter.swift; sourceTree = "<group>"; };
		1E3B9AE52296D4900036491E /* MoviesService.swift */ = {isa = PBXFileReference; lastKnownFileType = sourcecode.swift; path = MoviesService.swift; sourceTree = "<group>"; };
		1E3B9AE72296D4ED0036491E /* movies.json */ = {isa = PBXFileReference; fileEncoding = 4; lastKnownFileType = text.json; path = movies.json; sourceTree = "<group>"; };
		1E3B9AEA2296D5C10036491E /* MoviesDTO.swift */ = {isa = PBXFileReference; lastKnownFileType = sourcecode.swift; path = MoviesDTO.swift; sourceTree = "<group>"; };
		1E3B9AEF2296D9D80036491E /* MoviesWorker.swift */ = {isa = PBXFileReference; lastKnownFileType = sourcecode.swift; path = MoviesWorker.swift; sourceTree = "<group>"; };
		1E3B9AF12296E0A00036491E /* MoviesCellViewProtocol.swift */ = {isa = PBXFileReference; lastKnownFileType = sourcecode.swift; path = MoviesCellViewProtocol.swift; sourceTree = "<group>"; };
		1E3B9AF42296E0F10036491E /* MoviesViewModel.swift */ = {isa = PBXFileReference; lastKnownFileType = sourcecode.swift; path = MoviesViewModel.swift; sourceTree = "<group>"; };
		1E3B9AF62296EC830036491E /* MoviesFilterService.swift */ = {isa = PBXFileReference; lastKnownFileType = sourcecode.swift; path = MoviesFilterService.swift; sourceTree = "<group>"; };
		1E5C442522981B6F00FCCD4F /* MovieDetailViewProtocol.swift */ = {isa = PBXFileReference; lastKnownFileType = sourcecode.swift; path = MovieDetailViewProtocol.swift; sourceTree = "<group>"; };
		1E5C442722981B9000FCCD4F /* MovieDetailPresenterProtocol.swift */ = {isa = PBXFileReference; lastKnownFileType = sourcecode.swift; path = MovieDetailPresenterProtocol.swift; sourceTree = "<group>"; };
		1E5C442922981BAD00FCCD4F /* MovieDetailRouterProtocol.swift */ = {isa = PBXFileReference; lastKnownFileType = sourcecode.swift; path = MovieDetailRouterProtocol.swift; sourceTree = "<group>"; };
		1E5C442D22981C0900FCCD4F /* MovieDetailInteractorOutputProtocol.swift */ = {isa = PBXFileReference; lastKnownFileType = sourcecode.swift; path = MovieDetailInteractorOutputProtocol.swift; sourceTree = "<group>"; };
		1E5C442F22981C8600FCCD4F /* MovieDetailRouter.swift */ = {isa = PBXFileReference; lastKnownFileType = sourcecode.swift; path = MovieDetailRouter.swift; sourceTree = "<group>"; };
		1E5C443122981CB900FCCD4F /* MovieDetailInteractor.swift */ = {isa = PBXFileReference; lastKnownFileType = sourcecode.swift; path = MovieDetailInteractor.swift; sourceTree = "<group>"; };
		1E5C443322981CE500FCCD4F /* MovieDetailPresenter.swift */ = {isa = PBXFileReference; lastKnownFileType = sourcecode.swift; path = MovieDetailPresenter.swift; sourceTree = "<group>"; };
		1E5C443922982CF100FCCD4F /* NavigationService.swift */ = {isa = PBXFileReference; lastKnownFileType = sourcecode.swift; path = NavigationService.swift; sourceTree = "<group>"; };
		1E5C443B22982F2100FCCD4F /* MovieDetailViewController.swift */ = {isa = PBXFileReference; lastKnownFileType = sourcecode.swift; path = MovieDetailViewController.swift; sourceTree = "<group>"; };
		1E5C443F229840C400FCCD4F /* MovieDetailInteractorInputProtocol.swift */ = {isa = PBXFileReference; lastKnownFileType = sourcecode.swift; path = MovieDetailInteractorInputProtocol.swift; sourceTree = "<group>"; };
/* End PBXFileReference section */

/* Begin PBXFrameworksBuildPhase section */
		1E3B9A892296B7420036491E /* Frameworks */ = {
			isa = PBXFrameworksBuildPhase;
			buildActionMask = 2147483647;
			files = (
			);
			runOnlyForDeploymentPostprocessing = 0;
		};
		1E3B9A9D2296B7430036491E /* Frameworks */ = {
			isa = PBXFrameworksBuildPhase;
			buildActionMask = 2147483647;
			files = (
			);
			runOnlyForDeploymentPostprocessing = 0;
		};
		1E3B9AA82296B7430036491E /* Frameworks */ = {
			isa = PBXFrameworksBuildPhase;
			buildActionMask = 2147483647;
			files = (
			);
			runOnlyForDeploymentPostprocessing = 0;
		};
/* End PBXFrameworksBuildPhase section */

/* Begin PBXGroup section */
		1E3B9A832296B7420036491E = {
			isa = PBXGroup;
			children = (
				1E3B9A8E2296B7420036491E /* SearchableMoviesTask */,
				1E3B9AA32296B7430036491E /* SearchableMoviesTaskTests */,
				1E3B9AAE2296B7430036491E /* SearchableMoviesTaskUITests */,
				1E3B9A8D2296B7420036491E /* Products */,
			);
			sourceTree = "<group>";
		};
		1E3B9A8D2296B7420036491E /* Products */ = {
			isa = PBXGroup;
			children = (
				1E3B9A8C2296B7420036491E /* SearchableMoviesTask.app */,
				1E3B9AA02296B7430036491E /* SearchableMoviesTaskTests.xctest */,
				1E3B9AAB2296B7430036491E /* SearchableMoviesTaskUITests.xctest */,
			);
			name = Products;
			sourceTree = "<group>";
		};
		1E3B9A8E2296B7420036491E /* SearchableMoviesTask */ = {
			isa = PBXGroup;
			children = (
				1E3B9AE72296D4ED0036491E /* movies.json */,
				1E3B9AED2296D9A80036491E /* Workers */,
				1E3B9AC12296B7E00036491E /* Modules */,
				1E3B9AC02296B7D20036491E /* Model */,
				1E3B9AF32296E0D90036491E /* ViewModel */,
				1E3B9ABD2296B7930036491E /* Core */,
				1E3B9ABE2296B7A40036491E /* Resources */,
				1E3B9ABF2296B7AF0036491E /* Configuration */,
				1E3B9AE32296D4650036491E /* Services */,
				1E5C443922982CF100FCCD4F /* NavigationService.swift */,
			);
			path = SearchableMoviesTask;
			sourceTree = "<group>";
		};
		1E3B9AA32296B7430036491E /* SearchableMoviesTaskTests */ = {
			isa = PBXGroup;
			children = (
				1E3B9AA42296B7430036491E /* SearchableMoviesTaskTests.swift */,
				1E3B9AA62296B7430036491E /* Info.plist */,
			);
			path = SearchableMoviesTaskTests;
			sourceTree = "<group>";
		};
		1E3B9AAE2296B7430036491E /* SearchableMoviesTaskUITests */ = {
			isa = PBXGroup;
			children = (
				1E3B9AAF2296B7430036491E /* SearchableMoviesTaskUITests.swift */,
				1E3B9AB12296B7430036491E /* Info.plist */,
			);
			path = SearchableMoviesTaskUITests;
			sourceTree = "<group>";
		};
		1E3B9ABD2296B7930036491E /* Core */ = {
			isa = PBXGroup;
			children = (
				1E3B9A8F2296B7420036491E /* AppDelegate.swift */,
			);
			path = Core;
			sourceTree = "<group>";
		};
		1E3B9ABE2296B7A40036491E /* Resources */ = {
			isa = PBXGroup;
			children = (
				1E3B9A932296B7420036491E /* Main.storyboard */,
				1E3B9A962296B7430036491E /* Assets.xcassets */,
				1E3B9A982296B7430036491E /* LaunchScreen.storyboard */,
			);
			path = Resources;
			sourceTree = "<group>";
		};
		1E3B9ABF2296B7AF0036491E /* Configuration */ = {
			isa = PBXGroup;
			children = (
				1E3B9A9B2296B7430036491E /* Info.plist */,
			);
			path = Configuration;
			sourceTree = "<group>";
		};
		1E3B9AC02296B7D20036491E /* Model */ = {
			isa = PBXGroup;
			children = (
				1E3B9AC32296B8930036491E /* Movie.swift */,
				1E3B9AC52296B8B50036491E /* Genre.swift */,
			);
			path = Model;
			sourceTree = "<group>";
		};
		1E3B9AC12296B7E00036491E /* Modules */ = {
			isa = PBXGroup;
			children = (
				1E3B9AC72296BAB50036491E /* Movies */,
				1E5C441F22981A5A00FCCD4F /* MovieDetail */,
			);
			path = Modules;
			sourceTree = "<group>";
		};
		1E3B9AC22296B7EE0036491E /* RemoteService */ = {
			isa = PBXGroup;
			children = (
			);
			path = RemoteService;
			sourceTree = "<group>";
		};
		1E3B9AC72296BAB50036491E /* Movies */ = {
			isa = PBXGroup;
			children = (
				1E3B9AC82296BACA0036491E /* View */,
				1E3B9ACA2296BAF60036491E /* Presenter */,
				1E3B9ACC2296BB2A0036491E /* Interactor */,
				1E3B9ACB2296BB1D0036491E /* Router */,
				1E3B9ACE2296BB570036491E /* Protocols */,
			);
			path = Movies;
			sourceTree = "<group>";
		};
		1E3B9AC82296BACA0036491E /* View */ = {
			isa = PBXGroup;
			children = (
				1E3B9ACF2296BC6C0036491E /* MoviesViewController.swift */,
				1E3B9AD12296BE5D0036491E /* MovieTableViewCell.swift */,
			);
			path = View;
			sourceTree = "<group>";
		};
		1E3B9ACA2296BAF60036491E /* Presenter */ = {
			isa = PBXGroup;
			children = (
				1E3B9AD32296C1730036491E /* MoviesPresenter.swift */,
			);
			path = Presenter;
			sourceTree = "<group>";
		};
		1E3B9ACB2296BB1D0036491E /* Router */ = {
			isa = PBXGroup;
			children = (
				1E3B9AE12296C7DD0036491E /* MoviesRouter.swift */,
			);
			path = Router;
			sourceTree = "<group>";
		};
		1E3B9ACC2296BB2A0036491E /* Interactor */ = {
			isa = PBXGroup;
			children = (
				1E3B9ADF2296C76E0036491E /* MoviesInteractor.swift */,
			);
			path = Interactor;
			sourceTree = "<group>";
		};
		1E3B9ACE2296BB570036491E /* Protocols */ = {
			isa = PBXGroup;
			children = (
				1E3B9AD52296C23F0036491E /* MoviesViewProtocol.swift */,
				1E3B9AD72296C2700036491E /* MoviesPresenterProtocol.swift */,
				1E3B9AD92296C2A40036491E /* MoviesRouterProtocol.swift */,
				1E3B9ADB2296C3300036491E /* MoviesInteractorInputProtocol.swift */,
				1E3B9ADD2296C35B0036491E /* MoviesInteractorOutputProtocol.swift */,
				1E3B9AF12296E0A00036491E /* MoviesCellViewProtocol.swift */,
			);
			path = Protocols;
			sourceTree = "<group>";
		};
		1E3B9AE32296D4650036491E /* Services */ = {
			isa = PBXGroup;
			children = (
				1E3B9AE92296D59D0036491E /* DTOS */,
				1E3B9AE42296D46F0036491E /* LocalService */,
				1E3B9AC22296B7EE0036491E /* RemoteService */,
			);
			path = Services;
			sourceTree = "<group>";
		};
		1E3B9AE42296D46F0036491E /* LocalService */ = {
			isa = PBXGroup;
			children = (
				1E3B9AE52296D4900036491E /* MoviesService.swift */,
				1E3B9AF62296EC830036491E /* MoviesFilterService.swift */,
			);
			path = LocalService;
			sourceTree = "<group>";
		};
		1E3B9AE92296D59D0036491E /* DTOS */ = {
			isa = PBXGroup;
			children = (
				1E3B9AEA2296D5C10036491E /* MoviesDTO.swift */,
			);
			path = DTOS;
			sourceTree = "<group>";
		};
		1E3B9AED2296D9A80036491E /* Workers */ = {
			isa = PBXGroup;
			children = (
				1E3B9AEF2296D9D80036491E /* MoviesWorker.swift */,
			);
			path = Workers;
			sourceTree = "<group>";
		};
		1E3B9AF32296E0D90036491E /* ViewModel */ = {
			isa = PBXGroup;
			children = (
				1E3B9AF42296E0F10036491E /* MoviesViewModel.swift */,
			);
			path = ViewModel;
			sourceTree = "<group>";
		};
		1E5C441F22981A5A00FCCD4F /* MovieDetail */ = {
			isa = PBXGroup;
			children = (
				1E5C442422981AD200FCCD4F /* View */,
				1E5C442322981AC700FCCD4F /* Presenter */,
				1E5C442222981ABD00FCCD4F /* Interactor */,
				1E5C442122981AAF00FCCD4F /* Router */,
				1E5C442022981AA500FCCD4F /* Protocols */,
			);
			path = MovieDetail;
			sourceTree = "<group>";
		};
		1E5C442022981AA500FCCD4F /* Protocols */ = {
			isa = PBXGroup;
			children = (
				1E5C442522981B6F00FCCD4F /* MovieDetailViewProtocol.swift */,
				1E5C442722981B9000FCCD4F /* MovieDetailPresenterProtocol.swift */,
				1E5C442922981BAD00FCCD4F /* MovieDetailRouterProtocol.swift */,
				1E5C442D22981C0900FCCD4F /* MovieDetailInteractorOutputProtocol.swift */,
				1E5C443F229840C400FCCD4F /* MovieDetailInteractorInputProtocol.swift */,
			);
			path = Protocols;
			sourceTree = "<group>";
		};
		1E5C442122981AAF00FCCD4F /* Router */ = {
			isa = PBXGroup;
			children = (
				1E5C442F22981C8600FCCD4F /* MovieDetailRouter.swift */,
			);
			path = Router;
			sourceTree = "<group>";
		};
		1E5C442222981ABD00FCCD4F /* Interactor */ = {
			isa = PBXGroup;
			children = (
				1E5C443122981CB900FCCD4F /* MovieDetailInteractor.swift */,
			);
			path = Interactor;
			sourceTree = "<group>";
		};
		1E5C442322981AC700FCCD4F /* Presenter */ = {
			isa = PBXGroup;
			children = (
				1E5C443322981CE500FCCD4F /* MovieDetailPresenter.swift */,
			);
			path = Presenter;
			sourceTree = "<group>";
		};
		1E5C442422981AD200FCCD4F /* View */ = {
			isa = PBXGroup;
			children = (
				1E5C443B22982F2100FCCD4F /* MovieDetailViewController.swift */,
			);
			path = View;
			sourceTree = "<group>";
		};
/* End PBXGroup section */

/* Begin PBXNativeTarget section */
		1E3B9A8B2296B7420036491E /* SearchableMoviesTask */ = {
			isa = PBXNativeTarget;
			buildConfigurationList = 1E3B9AB42296B7430036491E /* Build configuration list for PBXNativeTarget "SearchableMoviesTask" */;
			buildPhases = (
				1E3B9A882296B7420036491E /* Sources */,
				1E3B9A892296B7420036491E /* Frameworks */,
				1E3B9A8A2296B7420036491E /* Resources */,
			);
			buildRules = (
			);
			dependencies = (
			);
			name = SearchableMoviesTask;
			productName = SearchableMoviesTask;
			productReference = 1E3B9A8C2296B7420036491E /* SearchableMoviesTask.app */;
			productType = "com.apple.product-type.application";
		};
		1E3B9A9F2296B7430036491E /* SearchableMoviesTaskTests */ = {
			isa = PBXNativeTarget;
			buildConfigurationList = 1E3B9AB72296B7430036491E /* Build configuration list for PBXNativeTarget "SearchableMoviesTaskTests" */;
			buildPhases = (
				1E3B9A9C2296B7430036491E /* Sources */,
				1E3B9A9D2296B7430036491E /* Frameworks */,
				1E3B9A9E2296B7430036491E /* Resources */,
			);
			buildRules = (
			);
			dependencies = (
				1E3B9AA22296B7430036491E /* PBXTargetDependency */,
			);
			name = SearchableMoviesTaskTests;
			productName = SearchableMoviesTaskTests;
			productReference = 1E3B9AA02296B7430036491E /* SearchableMoviesTaskTests.xctest */;
			productType = "com.apple.product-type.bundle.unit-test";
		};
		1E3B9AAA2296B7430036491E /* SearchableMoviesTaskUITests */ = {
			isa = PBXNativeTarget;
			buildConfigurationList = 1E3B9ABA2296B7430036491E /* Build configuration list for PBXNativeTarget "SearchableMoviesTaskUITests" */;
			buildPhases = (
				1E3B9AA72296B7430036491E /* Sources */,
				1E3B9AA82296B7430036491E /* Frameworks */,
				1E3B9AA92296B7430036491E /* Resources */,
			);
			buildRules = (
			);
			dependencies = (
				1E3B9AAD2296B7430036491E /* PBXTargetDependency */,
			);
			name = SearchableMoviesTaskUITests;
			productName = SearchableMoviesTaskUITests;
			productReference = 1E3B9AAB2296B7430036491E /* SearchableMoviesTaskUITests.xctest */;
			productType = "com.apple.product-type.bundle.ui-testing";
		};
/* End PBXNativeTarget section */

/* Begin PBXProject section */
		1E3B9A842296B7420036491E /* Project object */ = {
			isa = PBXProject;
			attributes = {
				LastSwiftUpdateCheck = 1010;
				LastUpgradeCheck = 1010;
				ORGANIZATIONNAME = Madian;
				TargetAttributes = {
					1E3B9A8B2296B7420036491E = {
						CreatedOnToolsVersion = 10.1;
					};
					1E3B9A9F2296B7430036491E = {
						CreatedOnToolsVersion = 10.1;
						TestTargetID = 1E3B9A8B2296B7420036491E;
					};
					1E3B9AAA2296B7430036491E = {
						CreatedOnToolsVersion = 10.1;
						TestTargetID = 1E3B9A8B2296B7420036491E;
					};
				};
			};
			buildConfigurationList = 1E3B9A872296B7420036491E /* Build configuration list for PBXProject "SearchableMoviesTask" */;
			compatibilityVersion = "Xcode 9.3";
			developmentRegion = en;
			hasScannedForEncodings = 0;
			knownRegions = (
				en,
				Base,
			);
			mainGroup = 1E3B9A832296B7420036491E;
			productRefGroup = 1E3B9A8D2296B7420036491E /* Products */;
			projectDirPath = "";
			projectRoot = "";
			targets = (
				1E3B9A8B2296B7420036491E /* SearchableMoviesTask */,
				1E3B9A9F2296B7430036491E /* SearchableMoviesTaskTests */,
				1E3B9AAA2296B7430036491E /* SearchableMoviesTaskUITests */,
			);
		};
/* End PBXProject section */

/* Begin PBXResourcesBuildPhase section */
		1E3B9A8A2296B7420036491E /* Resources */ = {
			isa = PBXResourcesBuildPhase;
			buildActionMask = 2147483647;
			files = (
				1E3B9A9A2296B7430036491E /* LaunchScreen.storyboard in Resources */,
				1E3B9A972296B7430036491E /* Assets.xcassets in Resources */,
				1E3B9AE82296D4ED0036491E /* movies.json in Resources */,
				1E3B9A952296B7420036491E /* Main.storyboard in Resources */,
			);
			runOnlyForDeploymentPostprocessing = 0;
		};
		1E3B9A9E2296B7430036491E /* Resources */ = {
			isa = PBXResourcesBuildPhase;
			buildActionMask = 2147483647;
			files = (
			);
			runOnlyForDeploymentPostprocessing = 0;
		};
		1E3B9AA92296B7430036491E /* Resources */ = {
			isa = PBXResourcesBuildPhase;
			buildActionMask = 2147483647;
			files = (
			);
			runOnlyForDeploymentPostprocessing = 0;
		};
/* End PBXResourcesBuildPhase section */

/* Begin PBXSourcesBuildPhase section */
		1E3B9A882296B7420036491E /* Sources */ = {
			isa = PBXSourcesBuildPhase;
			buildActionMask = 2147483647;
			files = (
				1E3B9AD62296C23F0036491E /* MoviesViewProtocol.swift in Sources */,
				1E3B9AD22296BE5D0036491E /* MovieTableViewCell.swift in Sources */,
				1E3B9AC62296B8B50036491E /* Genre.swift in Sources */,
				1E3B9AC42296B8930036491E /* Movie.swift in Sources */,
				1E3B9AF22296E0A00036491E /* MoviesCellViewProtocol.swift in Sources */,
				1E3B9AE62296D4900036491E /* MoviesService.swift in Sources */,
				1E3B9A902296B7420036491E /* AppDelegate.swift in Sources */,
				1E3B9AD82296C2700036491E /* MoviesPresenterProtocol.swift in Sources */,
				1E5C443222981CB900FCCD4F /* MovieDetailInteractor.swift in Sources */,
				1E5C442622981B6F00FCCD4F /* MovieDetailViewProtocol.swift in Sources */,
				1E3B9ADC2296C3300036491E /* MoviesInteractorInputProtocol.swift in Sources */,
				1E3B9AE02296C76E0036491E /* MoviesInteractor.swift in Sources */,
				1E5C4440229840C400FCCD4F /* MovieDetailInteractorInputProtocol.swift in Sources */,
				1E3B9AE22296C7DD0036491E /* MoviesRouter.swift in Sources */,
				1E3B9AF02296D9D80036491E /* MoviesWorker.swift in Sources */,
				1E5C443422981CE500FCCD4F /* MovieDetailPresenter.swift in Sources */,
				1E3B9ADA2296C2A40036491E /* MoviesRouterProtocol.swift in Sources */,
				1E5C442A22981BAD00FCCD4F /* MovieDetailRouterProtocol.swift in Sources */,
				1E3B9AF52296E0F10036491E /* MoviesViewModel.swift in Sources */,
				1E5C442822981B9000FCCD4F /* MovieDetailPresenterProtocol.swift in Sources */,
				1E3B9AEB2296D5C10036491E /* MoviesDTO.swift in Sources */,
				1E3B9AD02296BC6C0036491E /* MoviesViewController.swift in Sources */,
				1E3B9ADE2296C35B0036491E /* MoviesInteractorOutputProtocol.swift in Sources */,
				1E5C443022981C8600FCCD4F /* MovieDetailRouter.swift in Sources */,
				1E5C442E22981C0900FCCD4F /* MovieDetailInteractorOutputProtocol.swift in Sources */,
				1E3B9AD42296C1730036491E /* MoviesPresenter.swift in Sources */,
				1E3B9AF72296EC830036491E /* MoviesFilterService.swift in Sources */,
				1E5C443A22982CF100FCCD4F /* NavigationService.swift in Sources */,
				1E5C443C22982F2100FCCD4F /* MovieDetailViewController.swift in Sources */,
			);
			runOnlyForDeploymentPostprocessing = 0;
		};
		1E3B9A9C2296B7430036491E /* Sources */ = {
			isa = PBXSourcesBuildPhase;
			buildActionMask = 2147483647;
			files = (
				1E3B9AA52296B7430036491E /* SearchableMoviesTaskTests.swift in Sources */,
			);
			runOnlyForDeploymentPostprocessing = 0;
		};
		1E3B9AA72296B7430036491E /* Sources */ = {
			isa = PBXSourcesBuildPhase;
			buildActionMask = 2147483647;
			files = (
				1E3B9AB02296B7430036491E /* SearchableMoviesTaskUITests.swift in Sources */,
			);
			runOnlyForDeploymentPostprocessing = 0;
		};
/* End PBXSourcesBuildPhase section */

/* Begin PBXTargetDependency section */
		1E3B9AA22296B7430036491E /* PBXTargetDependency */ = {
			isa = PBXTargetDependency;
			target = 1E3B9A8B2296B7420036491E /* SearchableMoviesTask */;
			targetProxy = 1E3B9AA12296B7430036491E /* PBXContainerItemProxy */;
		};
		1E3B9AAD2296B7430036491E /* PBXTargetDependency */ = {
			isa = PBXTargetDependency;
			target = 1E3B9A8B2296B7420036491E /* SearchableMoviesTask */;
			targetProxy = 1E3B9AAC2296B7430036491E /* PBXContainerItemProxy */;
		};
/* End PBXTargetDependency section */

/* Begin PBXVariantGroup section */
		1E3B9A932296B7420036491E /* Main.storyboard */ = {
			isa = PBXVariantGroup;
			children = (
				1E3B9A942296B7420036491E /* Base */,
			);
			name = Main.storyboard;
			sourceTree = "<group>";
		};
		1E3B9A982296B7430036491E /* LaunchScreen.storyboard */ = {
			isa = PBXVariantGroup;
			children = (
				1E3B9A992296B7430036491E /* Base */,
			);
			name = LaunchScreen.storyboard;
			sourceTree = "<group>";
		};
/* End PBXVariantGroup section */

/* Begin XCBuildConfiguration section */
		1E3B9AB22296B7430036491E /* Debug */ = {
			isa = XCBuildConfiguration;
			buildSettings = {
				ALWAYS_SEARCH_USER_PATHS = NO;
				CLANG_ANALYZER_NONNULL = YES;
				CLANG_ANALYZER_NUMBER_OBJECT_CONVERSION = YES_AGGRESSIVE;
				CLANG_CXX_LANGUAGE_STANDARD = "gnu++14";
				CLANG_CXX_LIBRARY = "libc++";
				CLANG_ENABLE_MODULES = YES;
				CLANG_ENABLE_OBJC_ARC = YES;
				CLANG_ENABLE_OBJC_WEAK = YES;
				CLANG_WARN_BLOCK_CAPTURE_AUTORELEASING = YES;
				CLANG_WARN_BOOL_CONVERSION = YES;
				CLANG_WARN_COMMA = YES;
				CLANG_WARN_CONSTANT_CONVERSION = YES;
				CLANG_WARN_DEPRECATED_OBJC_IMPLEMENTATIONS = YES;
				CLANG_WARN_DIRECT_OBJC_ISA_USAGE = YES_ERROR;
				CLANG_WARN_DOCUMENTATION_COMMENTS = YES;
				CLANG_WARN_EMPTY_BODY = YES;
				CLANG_WARN_ENUM_CONVERSION = YES;
				CLANG_WARN_INFINITE_RECURSION = YES;
				CLANG_WARN_INT_CONVERSION = YES;
				CLANG_WARN_NON_LITERAL_NULL_CONVERSION = YES;
				CLANG_WARN_OBJC_IMPLICIT_RETAIN_SELF = YES;
				CLANG_WARN_OBJC_LITERAL_CONVERSION = YES;
				CLANG_WARN_OBJC_ROOT_CLASS = YES_ERROR;
				CLANG_WARN_RANGE_LOOP_ANALYSIS = YES;
				CLANG_WARN_STRICT_PROTOTYPES = YES;
				CLANG_WARN_SUSPICIOUS_MOVE = YES;
				CLANG_WARN_UNGUARDED_AVAILABILITY = YES_AGGRESSIVE;
				CLANG_WARN_UNREACHABLE_CODE = YES;
				CLANG_WARN__DUPLICATE_METHOD_MATCH = YES;
				CODE_SIGN_IDENTITY = "iPhone Developer";
				COPY_PHASE_STRIP = NO;
				DEBUG_INFORMATION_FORMAT = dwarf;
				ENABLE_STRICT_OBJC_MSGSEND = YES;
				ENABLE_TESTABILITY = YES;
				GCC_C_LANGUAGE_STANDARD = gnu11;
				GCC_DYNAMIC_NO_PIC = NO;
				GCC_NO_COMMON_BLOCKS = YES;
				GCC_OPTIMIZATION_LEVEL = 0;
				GCC_PREPROCESSOR_DEFINITIONS = (
					"DEBUG=1",
					"$(inherited)",
				);
				GCC_WARN_64_TO_32_BIT_CONVERSION = YES;
				GCC_WARN_ABOUT_RETURN_TYPE = YES_ERROR;
				GCC_WARN_UNDECLARED_SELECTOR = YES;
				GCC_WARN_UNINITIALIZED_AUTOS = YES_AGGRESSIVE;
				GCC_WARN_UNUSED_FUNCTION = YES;
				GCC_WARN_UNUSED_VARIABLE = YES;
				IPHONEOS_DEPLOYMENT_TARGET = 12.1;
				MTL_ENABLE_DEBUG_INFO = INCLUDE_SOURCE;
				MTL_FAST_MATH = YES;
				ONLY_ACTIVE_ARCH = YES;
				SDKROOT = iphoneos;
				SWIFT_ACTIVE_COMPILATION_CONDITIONS = DEBUG;
				SWIFT_OPTIMIZATION_LEVEL = "-Onone";
			};
			name = Debug;
		};
		1E3B9AB32296B7430036491E /* Release */ = {
			isa = XCBuildConfiguration;
			buildSettings = {
				ALWAYS_SEARCH_USER_PATHS = NO;
				CLANG_ANALYZER_NONNULL = YES;
				CLANG_ANALYZER_NUMBER_OBJECT_CONVERSION = YES_AGGRESSIVE;
				CLANG_CXX_LANGUAGE_STANDARD = "gnu++14";
				CLANG_CXX_LIBRARY = "libc++";
				CLANG_ENABLE_MODULES = YES;
				CLANG_ENABLE_OBJC_ARC = YES;
				CLANG_ENABLE_OBJC_WEAK = YES;
				CLANG_WARN_BLOCK_CAPTURE_AUTORELEASING = YES;
				CLANG_WARN_BOOL_CONVERSION = YES;
				CLANG_WARN_COMMA = YES;
				CLANG_WARN_CONSTANT_CONVERSION = YES;
				CLANG_WARN_DEPRECATED_OBJC_IMPLEMENTATIONS = YES;
				CLANG_WARN_DIRECT_OBJC_ISA_USAGE = YES_ERROR;
				CLANG_WARN_DOCUMENTATION_COMMENTS = YES;
				CLANG_WARN_EMPTY_BODY = YES;
				CLANG_WARN_ENUM_CONVERSION = YES;
				CLANG_WARN_INFINITE_RECURSION = YES;
				CLANG_WARN_INT_CONVERSION = YES;
				CLANG_WARN_NON_LITERAL_NULL_CONVERSION = YES;
				CLANG_WARN_OBJC_IMPLICIT_RETAIN_SELF = YES;
				CLANG_WARN_OBJC_LITERAL_CONVERSION = YES;
				CLANG_WARN_OBJC_ROOT_CLASS = YES_ERROR;
				CLANG_WARN_RANGE_LOOP_ANALYSIS = YES;
				CLANG_WARN_STRICT_PROTOTYPES = YES;
				CLANG_WARN_SUSPICIOUS_MOVE = YES;
				CLANG_WARN_UNGUARDED_AVAILABILITY = YES_AGGRESSIVE;
				CLANG_WARN_UNREACHABLE_CODE = YES;
				CLANG_WARN__DUPLICATE_METHOD_MATCH = YES;
				CODE_SIGN_IDENTITY = "iPhone Developer";
				COPY_PHASE_STRIP = NO;
				DEBUG_INFORMATION_FORMAT = "dwarf-with-dsym";
				ENABLE_NS_ASSERTIONS = NO;
				ENABLE_STRICT_OBJC_MSGSEND = YES;
				GCC_C_LANGUAGE_STANDARD = gnu11;
				GCC_NO_COMMON_BLOCKS = YES;
				GCC_WARN_64_TO_32_BIT_CONVERSION = YES;
				GCC_WARN_ABOUT_RETURN_TYPE = YES_ERROR;
				GCC_WARN_UNDECLARED_SELECTOR = YES;
				GCC_WARN_UNINITIALIZED_AUTOS = YES_AGGRESSIVE;
				GCC_WARN_UNUSED_FUNCTION = YES;
				GCC_WARN_UNUSED_VARIABLE = YES;
				IPHONEOS_DEPLOYMENT_TARGET = 12.1;
				MTL_ENABLE_DEBUG_INFO = NO;
				MTL_FAST_MATH = YES;
				SDKROOT = iphoneos;
				SWIFT_COMPILATION_MODE = wholemodule;
				SWIFT_OPTIMIZATION_LEVEL = "-O";
				VALIDATE_PRODUCT = YES;
			};
			name = Release;
		};
		1E3B9AB52296B7430036491E /* Debug */ = {
			isa = XCBuildConfiguration;
			buildSettings = {
				ASSETCATALOG_COMPILER_APPICON_NAME = AppIcon;
				CODE_SIGN_STYLE = Automatic;
				INFOPLIST_FILE = "$(SRCROOT)/SearchableMoviesTask/Configuration/Info.plist";
				LD_RUNPATH_SEARCH_PATHS = (
					"$(inherited)",
					"@executable_path/Frameworks",
				);
				PRODUCT_BUNDLE_IDENTIFIER = madian.SearchableMoviesTask;
				PRODUCT_NAME = "$(TARGET_NAME)";
				SWIFT_VERSION = 4.2;
				TARGETED_DEVICE_FAMILY = "1,2";
			};
			name = Debug;
		};
		1E3B9AB62296B7430036491E /* Release */ = {
			isa = XCBuildConfiguration;
			buildSettings = {
				ASSETCATALOG_COMPILER_APPICON_NAME = AppIcon;
				CODE_SIGN_STYLE = Automatic;
				INFOPLIST_FILE = "$(SRCROOT)/SearchableMoviesTask/Configuration/Info.plist";
				LD_RUNPATH_SEARCH_PATHS = (
					"$(inherited)",
					"@executable_path/Frameworks",
				);
				PRODUCT_BUNDLE_IDENTIFIER = madian.SearchableMoviesTask;
				PRODUCT_NAME = "$(TARGET_NAME)";
				SWIFT_VERSION = 4.2;
				TARGETED_DEVICE_FAMILY = "1,2";
			};
			name = Release;
		};
		1E3B9AB82296B7430036491E /* Debug */ = {
			isa = XCBuildConfiguration;
			buildSettings = {
				ALWAYS_EMBED_SWIFT_STANDARD_LIBRARIES = YES;
				BUNDLE_LOADER = "$(TEST_HOST)";
				CODE_SIGN_STYLE = Automatic;
				INFOPLIST_FILE = SearchableMoviesTaskTests/Info.plist;
				LD_RUNPATH_SEARCH_PATHS = (
					"$(inherited)",
					"@executable_path/Frameworks",
					"@loader_path/Frameworks",
				);
				PRODUCT_BUNDLE_IDENTIFIER = madian.SearchableMoviesTaskTests;
				PRODUCT_NAME = "$(TARGET_NAME)";
				SWIFT_VERSION = 4.2;
				TARGETED_DEVICE_FAMILY = "1,2";
				TEST_HOST = "$(BUILT_PRODUCTS_DIR)/SearchableMoviesTask.app/SearchableMoviesTask";
			};
			name = Debug;
		};
		1E3B9AB92296B7430036491E /* Release */ = {
			isa = XCBuildConfiguration;
			buildSettings = {
				ALWAYS_EMBED_SWIFT_STANDARD_LIBRARIES = YES;
				BUNDLE_LOADER = "$(TEST_HOST)";
				CODE_SIGN_STYLE = Automatic;
				INFOPLIST_FILE = SearchableMoviesTaskTests/Info.plist;
				LD_RUNPATH_SEARCH_PATHS = (
					"$(inherited)",
					"@executable_path/Frameworks",
					"@loader_path/Frameworks",
				);
				PRODUCT_BUNDLE_IDENTIFIER = madian.SearchableMoviesTaskTests;
				PRODUCT_NAME = "$(TARGET_NAME)";
				SWIFT_VERSION = 4.2;
				TARGETED_DEVICE_FAMILY = "1,2";
				TEST_HOST = "$(BUILT_PRODUCTS_DIR)/SearchableMoviesTask.app/SearchableMoviesTask";
			};
			name = Release;
		};
		1E3B9ABB2296B7430036491E /* Debug */ = {
			isa = XCBuildConfiguration;
			buildSettings = {
				ALWAYS_EMBED_SWIFT_STANDARD_LIBRARIES = YES;
				CODE_SIGN_STYLE = Automatic;
				INFOPLIST_FILE = SearchableMoviesTaskUITests/Info.plist;
				LD_RUNPATH_SEARCH_PATHS = (
					"$(inherited)",
					"@executable_path/Frameworks",
					"@loader_path/Frameworks",
				);
				PRODUCT_BUNDLE_IDENTIFIER = madian.SearchableMoviesTaskUITests;
				PRODUCT_NAME = "$(TARGET_NAME)";
				SWIFT_VERSION = 4.2;
				TARGETED_DEVICE_FAMILY = "1,2";
				TEST_TARGET_NAME = SearchableMoviesTask;
			};
			name = Debug;
		};
		1E3B9ABC2296B7430036491E /* Release */ = {
			isa = XCBuildConfiguration;
			buildSettings = {
				ALWAYS_EMBED_SWIFT_STANDARD_LIBRARIES = YES;
				CODE_SIGN_STYLE = Automatic;
				INFOPLIST_FILE = SearchableMoviesTaskUITests/Info.plist;
				LD_RUNPATH_SEARCH_PATHS = (
					"$(inherited)",
					"@executable_path/Frameworks",
					"@loader_path/Frameworks",
				);
				PRODUCT_BUNDLE_IDENTIFIER = madian.SearchableMoviesTaskUITests;
				PRODUCT_NAME = "$(TARGET_NAME)";
				SWIFT_VERSION = 4.2;
				TARGETED_DEVICE_FAMILY = "1,2";
				TEST_TARGET_NAME = SearchableMoviesTask;
			};
			name = Release;
		};
/* End XCBuildConfiguration section */

/* Begin XCConfigurationList section */
		1E3B9A872296B7420036491E /* Build configuration list for PBXProject "SearchableMoviesTask" */ = {
			isa = XCConfigurationList;
			buildConfigurations = (
				1E3B9AB22296B7430036491E /* Debug */,
				1E3B9AB32296B7430036491E /* Release */,
			);
			defaultConfigurationIsVisible = 0;
			defaultConfigurationName = Release;
		};
		1E3B9AB42296B7430036491E /* Build configuration list for PBXNativeTarget "SearchableMoviesTask" */ = {
			isa = XCConfigurationList;
			buildConfigurations = (
				1E3B9AB52296B7430036491E /* Debug */,
				1E3B9AB62296B7430036491E /* Release */,
			);
			defaultConfigurationIsVisible = 0;
			defaultConfigurationName = Release;
		};
		1E3B9AB72296B7430036491E /* Build configuration list for PBXNativeTarget "SearchableMoviesTaskTests" */ = {
			isa = XCConfigurationList;
			buildConfigurations = (
				1E3B9AB82296B7430036491E /* Debug */,
				1E3B9AB92296B7430036491E /* Release */,
			);
			defaultConfigurationIsVisible = 0;
			defaultConfigurationName = Release;
		};
		1E3B9ABA2296B7430036491E /* Build configuration list for PBXNativeTarget "SearchableMoviesTaskUITests" */ = {
			isa = XCConfigurationList;
			buildConfigurations = (
				1E3B9ABB2296B7430036491E /* Debug */,
				1E3B9ABC2296B7430036491E /* Release */,
			);
			defaultConfigurationIsVisible = 0;
			defaultConfigurationName = Release;
		};
/* End XCConfigurationList section */
	};
	rootObject = 1E3B9A842296B7420036491E /* Project object */;
}
